
Microsoft Visual Studio Solution File, Format Version 12.00
# Visual Studio Version 16
VisualStudioVersion = 16.0.29311.281
MinimumVisualStudioVersion = 10.0.40219.1
Project("{9A19103F-16F7-4668-BE54-9A1E7A4F7556}") = "AmpShell.Core", "AmpShell.Core\AmpShell.Core.csproj", "{32FBA9A9-C5F9-4BEA-887F-AED65EDF377B}"
EndProject
Project("{9A19103F-16F7-4668-BE54-9A1E7A4F7556}") = "AmpShell.WinForms", "AmpShell.WinForms\AmpShell.WinForms.csproj", "{67EE93A1-2F75-4ABC-A38A-608ACD5B4B12}"
EndProject
Project("{9A19103F-16F7-4668-BE54-9A1E7A4F7556}") = "AmpShell.Windows", "AmpShell.Windows\AmpShell.Windows.csproj", "{11A6780A-FCB4-499C-8574-DB1F9AC61FD7}"
EndProject
Project("{9A19103F-16F7-4668-BE54-9A1E7A4F7556}") = "AmpShell.AvaloniaUI", "AmpShell.AvaloniaUI\AmpShell.AvaloniaUI.csproj", "{304785E8-155F-41C4-8E49-7822A9A1AA89}"
EndProject
Project("{9A19103F-16F7-4668-BE54-9A1E7A4F7556}") = "AmpShell.ViewModels", "AmpShell.ViewModels\AmpShell.ViewModels.csproj", "{8FF584EC-A87F-49F2-AB38-96A605A6F489}"
EndProject
Project("{9A19103F-16F7-4668-BE54-9A1E7A4F7556}") = "AmpShell.UnitTests", "AmpShell.UnitTests\AmpShell.UnitTests.csproj", "{414EEC3A-EA7F-4693-9E2A-59FF947A553A}"
EndProject
Project("{9A19103F-16F7-4668-BE54-9A1E7A4F7556}") = "AmpShell.Cli", "AmpShell.Cli\AmpShell.Cli.csproj", "{004D063B-43DC-46A9-BDBF-EE1BDE0DC232}"
EndProject
Project("{9A19103F-16F7-4668-BE54-9A1E7A4F7556}") = "AmpShell.WPF", "AmpShell.WPF\AmpShell.WPF.csproj", "{348FBA78-F530-474D-8FFE-23C5366C4F87}"
EndProject
Global
	GlobalSection(SolutionConfigurationPlatforms) = preSolution
		Debug|Any CPU = Debug|Any CPU
		Release|Any CPU = Release|Any CPU
	EndGlobalSection
	GlobalSection(ProjectConfigurationPlatforms) = postSolution
		{32FBA9A9-C5F9-4BEA-887F-AED65EDF377B}.Debug|Any CPU.ActiveCfg = Debug|Any CPU
		{32FBA9A9-C5F9-4BEA-887F-AED65EDF377B}.Debug|Any CPU.Build.0 = Debug|Any CPU
		{32FBA9A9-C5F9-4BEA-887F-AED65EDF377B}.Release|Any CPU.ActiveCfg = Release|Any CPU
		{32FBA9A9-C5F9-4BEA-887F-AED65EDF377B}.Release|Any CPU.Build.0 = Release|Any CPU
		{67EE93A1-2F75-4ABC-A38A-608ACD5B4B12}.Debug|Any CPU.ActiveCfg = Debug|Any CPU
		{67EE93A1-2F75-4ABC-A38A-608ACD5B4B12}.Debug|Any CPU.Build.0 = Debug|Any CPU
		{67EE93A1-2F75-4ABC-A38A-608ACD5B4B12}.Release|Any CPU.ActiveCfg = Release|Any CPU
		{67EE93A1-2F75-4ABC-A38A-608ACD5B4B12}.Release|Any CPU.Build.0 = Release|Any CPU
		{11A6780A-FCB4-499C-8574-DB1F9AC61FD7}.Debug|Any CPU.ActiveCfg = Debug|Any CPU
		{11A6780A-FCB4-499C-8574-DB1F9AC61FD7}.Debug|Any CPU.Build.0 = Debug|Any CPU
		{11A6780A-FCB4-499C-8574-DB1F9AC61FD7}.Release|Any CPU.ActiveCfg = Release|Any CPU
		{11A6780A-FCB4-499C-8574-DB1F9AC61FD7}.Release|Any CPU.Build.0 = Release|Any CPU
		{304785E8-155F-41C4-8E49-7822A9A1AA89}.Debug|Any CPU.ActiveCfg = Debug|Any CPU
		{304785E8-155F-41C4-8E49-7822A9A1AA89}.Debug|Any CPU.Build.0 = Debug|Any CPU
		{304785E8-155F-41C4-8E49-7822A9A1AA89}.Release|Any CPU.ActiveCfg = Release|Any CPU
		{304785E8-155F-41C4-8E49-7822A9A1AA89}.Release|Any CPU.Build.0 = Release|Any CPU
		{8FF584EC-A87F-49F2-AB38-96A605A6F489}.Debug|Any CPU.ActiveCfg = Debug|Any CPU
		{8FF584EC-A87F-49F2-AB38-96A605A6F489}.Debug|Any CPU.Build.0 = Debug|Any CPU
		{8FF584EC-A87F-49F2-AB38-96A605A6F489}.Release|Any CPU.ActiveCfg = Release|Any CPU
		{8FF584EC-A87F-49F2-AB38-96A605A6F489}.Release|Any CPU.Build.0 = Release|Any CPU
		{414EEC3A-EA7F-4693-9E2A-59FF947A553A}.Debug|Any CPU.ActiveCfg = Debug|Any CPU
		{414EEC3A-EA7F-4693-9E2A-59FF947A553A}.Debug|Any CPU.Build.0 = Debug|Any CPU
		{414EEC3A-EA7F-4693-9E2A-59FF947A553A}.Release|Any CPU.ActiveCfg = Release|Any CPU
		{414EEC3A-EA7F-4693-9E2A-59FF947A553A}.Release|Any CPU.Build.0 = Release|Any CPU
		{004D063B-43DC-46A9-BDBF-EE1BDE0DC232}.Debug|Any CPU.ActiveCfg = Debug|Any CPU
		{004D063B-43DC-46A9-BDBF-EE1BDE0DC232}.Debug|Any CPU.Build.0 = Debug|Any CPU
		{004D063B-43DC-46A9-BDBF-EE1BDE0DC232}.Release|Any CPU.ActiveCfg = Release|Any CPU
		{004D063B-43DC-46A9-BDBF-EE1BDE0DC232}.Release|Any CPU.Build.0 = Release|Any CPU
		{348FBA78-F530-474D-8FFE-23C5366C4F87}.Debug|Any CPU.ActiveCfg = Debug|Any CPU
		{348FBA78-F530-474D-8FFE-23C5366C4F87}.Debug|Any CPU.Build.0 = Debug|Any CPU
		{348FBA78-F530-474D-8FFE-23C5366C4F87}.Release|Any CPU.ActiveCfg = Release|Any CPU
		{348FBA78-F530-474D-8FFE-23C5366C4F87}.Release|Any CPU.Build.0 = Release|Any CPU
	EndGlobalSection
	GlobalSection(SolutionProperties) = preSolution
		HideSolutionNode = FALSE
	EndGlobalSection
	GlobalSection(ExtensibilityGlobals) = postSolution
		SolutionGuid = {80BFCFD4-0966-4C4C-9742-97B10A877619}
	EndGlobalSection
EndGlobal
