
Microsoft Visual Studio Solution File, Format Version 12.00
# Visual Studio Version 16
VisualStudioVersion = 16.0.29311.281
MinimumVisualStudioVersion = 10.0.40219.1
Project("{9A19103F-16F7-4668-BE54-9A1E7A4F7556}") = "AmpShell.Core", "AmpShell.Core\AmpShell.Core.csproj", "{32FBA9A9-C5F9-4BEA-887F-AED65EDF377B}"
EndProject
Project("{9A19103F-16F7-4668-BE54-9A1E7A4F7556}") = "AmpShell", "AmpShell\AmpShell.csproj", "{67EE93A1-2F75-4ABC-A38A-608ACD5B4B12}"
EndProject
Global
	GlobalSection(SolutionConfigurationPlatforms) = preSolution
		Debug|Any CPU = Debug|Any CPU
		Release|Any CPU = Release|Any CPU
	EndGlobalSection
	GlobalSection(ProjectConfigurationPlatforms) = postSolution
		{32FBA9A9-C5F9-4BEA-887F-AED65EDF377B}.Debug|Any CPU.ActiveCfg = Debug|Any CPU
		{32FBA9A9-C5F9-4BEA-887F-AED65EDF377B}.Debug|Any CPU.Build.0 = Debug|Any CPU
		{32FBA9A9-C5F9-4BEA-887F-AED65EDF377B}.Release|Any CPU.ActiveCfg = Release|Any CPU
		{32FBA9A9-C5F9-4BEA-887F-AED65EDF377B}.Release|Any CPU.Build.0 = Release|Any CPU
		{67EE93A1-2F75-4ABC-A38A-608ACD5B4B12}.Debug|Any CPU.ActiveCfg = Debug|Any CPU
		{67EE93A1-2F75-4ABC-A38A-608ACD5B4B12}.Debug|Any CPU.Build.0 = Debug|Any CPU
		{67EE93A1-2F75-4ABC-A38A-608ACD5B4B12}.Release|Any CPU.ActiveCfg = Release|Any CPU
		{67EE93A1-2F75-4ABC-A38A-608ACD5B4B12}.Release|Any CPU.Build.0 = Release|Any CPU
	EndGlobalSection
	GlobalSection(SolutionProperties) = preSolution
		HideSolutionNode = FALSE
	EndGlobalSection
	GlobalSection(ExtensibilityGlobals) = postSolution
		SolutionGuid = {80BFCFD4-0966-4C4C-9742-97B10A877619}
	EndGlobalSection
EndGlobal
